
Microsoft Visual Studio Solution File, Format Version 12.00
# Visual Studio 14
VisualStudioVersion = 14.0.25420.1
MinimumVisualStudioVersion = 10.0.40219.1
Project("{2150E333-8FDC-42A3-9474-1A3956D46DE8}") = "src", "src", "{D5BCC632-3953-430D-937D-C64D7AAD3C40}"
EndProject
Project("{2150E333-8FDC-42A3-9474-1A3956D46DE8}") = "Solution Items", "Solution Items", "{6DFEE880-9CF5-4978-BA1E-F334AF92936C}"
	ProjectSection(SolutionItems) = preProject
		global.json = global.json
	EndProjectSection
EndProject
Project("{8BB2217D-0F2D-49D1-97BC-3654ED321F3B}") = "ConsoleApp", "src\ConsoleApp\ConsoleApp.xproj", "{ED1C240B-2C32-44F1-8372-6D3366026CC7}"
EndProject
Project("{8BB2217D-0F2D-49D1-97BC-3654ED321F3B}") = "ModelBindingToCollection", "src\ModelBindingToCollection\ModelBindingToCollection.xproj", "{E8A8408D-B8E3-4976-86EB-572A63C7634E}"
EndProject
Project("{8BB2217D-0F2D-49D1-97BC-3654ED321F3B}") = "ReCaptcha", "src\ReCaptcha\ReCaptcha.xproj", "{D52675E6-34EB-42BB-9D83-34C61ABDE8B9}"
EndProject
Global
	GlobalSection(SolutionConfigurationPlatforms) = preSolution
		Debug|Any CPU = Debug|Any CPU
		Release|Any CPU = Release|Any CPU
	EndGlobalSection
	GlobalSection(ProjectConfigurationPlatforms) = postSolution
		{ED1C240B-2C32-44F1-8372-6D3366026CC7}.Debug|Any CPU.ActiveCfg = Debug|Any CPU
		{ED1C240B-2C32-44F1-8372-6D3366026CC7}.Debug|Any CPU.Build.0 = Debug|Any CPU
		{ED1C240B-2C32-44F1-8372-6D3366026CC7}.Release|Any CPU.ActiveCfg = Release|Any CPU
		{ED1C240B-2C32-44F1-8372-6D3366026CC7}.Release|Any CPU.Build.0 = Release|Any CPU
		{E8A8408D-B8E3-4976-86EB-572A63C7634E}.Debug|Any CPU.ActiveCfg = Debug|Any CPU
		{E8A8408D-B8E3-4976-86EB-572A63C7634E}.Debug|Any CPU.Build.0 = Debug|Any CPU
		{E8A8408D-B8E3-4976-86EB-572A63C7634E}.Release|Any CPU.ActiveCfg = Release|Any CPU
		{E8A8408D-B8E3-4976-86EB-572A63C7634E}.Release|Any CPU.Build.0 = Release|Any CPU
		{D52675E6-34EB-42BB-9D83-34C61ABDE8B9}.Debug|Any CPU.ActiveCfg = Debug|Any CPU
		{D52675E6-34EB-42BB-9D83-34C61ABDE8B9}.Debug|Any CPU.Build.0 = Debug|Any CPU
		{D52675E6-34EB-42BB-9D83-34C61ABDE8B9}.Release|Any CPU.ActiveCfg = Release|Any CPU
		{D52675E6-34EB-42BB-9D83-34C61ABDE8B9}.Release|Any CPU.Build.0 = Release|Any CPU
	EndGlobalSection
	GlobalSection(SolutionProperties) = preSolution
		HideSolutionNode = FALSE
	EndGlobalSection
	GlobalSection(NestedProjects) = preSolution
		{ED1C240B-2C32-44F1-8372-6D3366026CC7} = {D5BCC632-3953-430D-937D-C64D7AAD3C40}
		{E8A8408D-B8E3-4976-86EB-572A63C7634E} = {D5BCC632-3953-430D-937D-C64D7AAD3C40}
		{D52675E6-34EB-42BB-9D83-34C61ABDE8B9} = {D5BCC632-3953-430D-937D-C64D7AAD3C40}
	EndGlobalSection
EndGlobal
